// !$*UTF8*$!
{
	archiveVersion = 1;
	classes = {
	};
	objectVersion = 56;
	objects = {

/* Begin PBXBuildFile section */
		3C8B46682ADE7F1700024B80 /* CustomTabBarApp.swift in Sources */ = {isa = PBXBuildFile; fileRef = 3C8B46672ADE7F1700024B80 /* CustomTabBarApp.swift */; };
		3C8B466A2ADE7F1700024B80 /* ContentView.swift in Sources */ = {isa = PBXBuildFile; fileRef = 3C8B46692ADE7F1700024B80 /* ContentView.swift */; };
		3C8B466C2ADE7F1C00024B80 /* Assets.xcassets in Resources */ = {isa = PBXBuildFile; fileRef = 3C8B466B2ADE7F1C00024B80 /* Assets.xcassets */; };
		3C8B466F2ADE7F1C00024B80 /* Preview Assets.xcassets in Resources */ = {isa = PBXBuildFile; fileRef = 3C8B466E2ADE7F1C00024B80 /* Preview Assets.xcassets */; };
		3C8B46792ADE7F1D00024B80 /* CustomTabBarTests.swift in Sources */ = {isa = PBXBuildFile; fileRef = 3C8B46782ADE7F1D00024B80 /* CustomTabBarTests.swift */; };
		3C8B46832ADE7F1D00024B80 /* CustomTabBarUITests.swift in Sources */ = {isa = PBXBuildFile; fileRef = 3C8B46822ADE7F1D00024B80 /* CustomTabBarUITests.swift */; };
		3C8B46852ADE7F1D00024B80 /* CustomTabBarUITestsLaunchTests.swift in Sources */ = {isa = PBXBuildFile; fileRef = 3C8B46842ADE7F1D00024B80 /* CustomTabBarUITestsLaunchTests.swift */; };
		3C8B46932ADE7F5F00024B80 /* MainView.swift in Sources */ = {isa = PBXBuildFile; fileRef = 3C8B46922ADE7F5F00024B80 /* MainView.swift */; };
		3C8B46952ADE801900024B80 /* HomeView.swift in Sources */ = {isa = PBXBuildFile; fileRef = 3C8B46942ADE801900024B80 /* HomeView.swift */; };
		3C8B46972ADE803100024B80 /* ExploreView.swift in Sources */ = {isa = PBXBuildFile; fileRef = 3C8B46962ADE803100024B80 /* ExploreView.swift */; };
		3C8B46992ADE803C00024B80 /* NotificationsView.swift in Sources */ = {isa = PBXBuildFile; fileRef = 3C8B46982ADE803C00024B80 /* NotificationsView.swift */; };
		3C8B469B2ADE804A00024B80 /* ProfileView.swift in Sources */ = {isa = PBXBuildFile; fileRef = 3C8B469A2ADE804A00024B80 /* ProfileView.swift */; };
/* End PBXBuildFile section */

/* Begin PBXContainerItemProxy section */
		3C8B46752ADE7F1D00024B80 /* PBXContainerItemProxy */ = {
			isa = PBXContainerItemProxy;
			containerPortal = 3C8B465C2ADE7F1700024B80 /* Project object */;
			proxyType = 1;
			remoteGlobalIDString = 3C8B46632ADE7F1700024B80;
			remoteInfo = CustomTabBar;
		};
		3C8B467F2ADE7F1D00024B80 /* PBXContainerItemProxy */ = {
			isa = PBXContainerItemProxy;
			containerPortal = 3C8B465C2ADE7F1700024B80 /* Project object */;
			proxyType = 1;
			remoteGlobalIDString = 3C8B46632ADE7F1700024B80;
			remoteInfo = CustomTabBar;
		};
/* End PBXContainerItemProxy section */

/* Begin PBXFileReference section */
		3C8B46642ADE7F1700024B80 /* CustomTabBar.app */ = {isa = PBXFileReference; explicitFileType = wrapper.application; includeInIndex = 0; path = CustomTabBar.app; sourceTree = BUILT_PRODUCTS_DIR; };
		3C8B46672ADE7F1700024B80 /* CustomTabBarApp.swift */ = {isa = PBXFileReference; lastKnownFileType = sourcecode.swift; path = CustomTabBarApp.swift; sourceTree = "<group>"; };
		3C8B46692ADE7F1700024B80 /* ContentView.swift */ = {isa = PBXFileReference; lastKnownFileType = sourcecode.swift; path = ContentView.swift; sourceTree = "<group>"; };
		3C8B466B2ADE7F1C00024B80 /* Assets.xcassets */ = {isa = PBXFileReference; lastKnownFileType = folder.assetcatalog; path = Assets.xcassets; sourceTree = "<group>"; };
		3C8B466E2ADE7F1C00024B80 /* Preview Assets.xcassets */ = {isa = PBXFileReference; lastKnownFileType = folder.assetcatalog; path = "Preview Assets.xcassets"; sourceTree = "<group>"; };
		3C8B46742ADE7F1D00024B80 /* CustomTabBarTests.xctest */ = {isa = PBXFileReference; explicitFileType = wrapper.cfbundle; includeInIndex = 0; path = CustomTabBarTests.xctest; sourceTree = BUILT_PRODUCTS_DIR; };
		3C8B46782ADE7F1D00024B80 /* CustomTabBarTests.swift */ = {isa = PBXFileReference; lastKnownFileType = sourcecode.swift; path = CustomTabBarTests.swift; sourceTree = "<group>"; };
		3C8B467E2ADE7F1D00024B80 /* CustomTabBarUITests.xctest */ = {isa = PBXFileReference; explicitFileType = wrapper.cfbundle; includeInIndex = 0; path = CustomTabBarUITests.xctest; sourceTree = BUILT_PRODUCTS_DIR; };
		3C8B46822ADE7F1D00024B80 /* CustomTabBarUITests.swift */ = {isa = PBXFileReference; lastKnownFileType = sourcecode.swift; path = CustomTabBarUITests.swift; sourceTree = "<group>"; };
		3C8B46842ADE7F1D00024B80 /* CustomTabBarUITestsLaunchTests.swift */ = {isa = PBXFileReference; lastKnownFileType = sourcecode.swift; path = CustomTabBarUITestsLaunchTests.swift; sourceTree = "<group>"; };
		3C8B46922ADE7F5F00024B80 /* MainView.swift */ = {isa = PBXFileReference; lastKnownFileType = sourcecode.swift; path = MainView.swift; sourceTree = "<group>"; };
		3C8B46942ADE801900024B80 /* HomeView.swift */ = {isa = PBXFileReference; lastKnownFileType = sourcecode.swift; path = HomeView.swift; sourceTree = "<group>"; };
		3C8B46962ADE803100024B80 /* ExploreView.swift */ = {isa = PBXFileReference; lastKnownFileType = sourcecode.swift; path = ExploreView.swift; sourceTree = "<group>"; };
		3C8B46982ADE803C00024B80 /* NotificationsView.swift */ = {isa = PBXFileReference; lastKnownFileType = sourcecode.swift; path = NotificationsView.swift; sourceTree = "<group>"; };
		3C8B469A2ADE804A00024B80 /* ProfileView.swift */ = {isa = PBXFileReference; lastKnownFileType = sourcecode.swift; path = ProfileView.swift; sourceTree = "<group>"; };
/* End PBXFileReference section */

/* Begin PBXFrameworksBuildPhase section */
		3C8B46612ADE7F1700024B80 /* Frameworks */ = {
			isa = PBXFrameworksBuildPhase;
			buildActionMask = 2147483647;
			files = (
			);
			runOnlyForDeploymentPostprocessing = 0;
		};
		3C8B46712ADE7F1D00024B80 /* Frameworks */ = {
			isa = PBXFrameworksBuildPhase;
			buildActionMask = 2147483647;
			files = (
			);
			runOnlyForDeploymentPostprocessing = 0;
		};
		3C8B467B2ADE7F1D00024B80 /* Frameworks */ = {
			isa = PBXFrameworksBuildPhase;
			buildActionMask = 2147483647;
			files = (
			);
			runOnlyForDeploymentPostprocessing = 0;
		};
/* End PBXFrameworksBuildPhase section */

/* Begin PBXGroup section */
		3C8B465B2ADE7F1700024B80 = {
			isa = PBXGroup;
			children = (
				3C8B46662ADE7F1700024B80 /* CustomTabBar */,
				3C8B46772ADE7F1D00024B80 /* CustomTabBarTests */,
				3C8B46812ADE7F1D00024B80 /* CustomTabBarUITests */,
				3C8B46652ADE7F1700024B80 /* Products */,
			);
			sourceTree = "<group>";
		};
		3C8B46652ADE7F1700024B80 /* Products */ = {
			isa = PBXGroup;
			children = (
				3C8B46642ADE7F1700024B80 /* CustomTabBar.app */,
				3C8B46742ADE7F1D00024B80 /* CustomTabBarTests.xctest */,
				3C8B467E2ADE7F1D00024B80 /* CustomTabBarUITests.xctest */,
			);
			name = Products;
			sourceTree = "<group>";
		};
		3C8B46662ADE7F1700024B80 /* CustomTabBar */ = {
			isa = PBXGroup;
			children = (
				3C8B46912ADE7F4900024B80 /* View */,
				3C8B46672ADE7F1700024B80 /* CustomTabBarApp.swift */,
				3C8B46692ADE7F1700024B80 /* ContentView.swift */,
				3C8B466B2ADE7F1C00024B80 /* Assets.xcassets */,
				3C8B466D2ADE7F1C00024B80 /* Preview Content */,
			);
			path = CustomTabBar;
			sourceTree = "<group>";
		};
		3C8B466D2ADE7F1C00024B80 /* Preview Content */ = {
			isa = PBXGroup;
			children = (
				3C8B466E2ADE7F1C00024B80 /* Preview Assets.xcassets */,
			);
			path = "Preview Content";
			sourceTree = "<group>";
		};
		3C8B46772ADE7F1D00024B80 /* CustomTabBarTests */ = {
			isa = PBXGroup;
			children = (
				3C8B46782ADE7F1D00024B80 /* CustomTabBarTests.swift */,
			);
			path = CustomTabBarTests;
			sourceTree = "<group>";
		};
		3C8B46812ADE7F1D00024B80 /* CustomTabBarUITests */ = {
			isa = PBXGroup;
			children = (
				3C8B46822ADE7F1D00024B80 /* CustomTabBarUITests.swift */,
				3C8B46842ADE7F1D00024B80 /* CustomTabBarUITestsLaunchTests.swift */,
			);
			path = CustomTabBarUITests;
			sourceTree = "<group>";
		};
		3C8B46912ADE7F4900024B80 /* View */ = {
			isa = PBXGroup;
			children = (
				3C8B46922ADE7F5F00024B80 /* MainView.swift */,
				3C8B46962ADE803100024B80 /* ExploreView.swift */,
				3C8B469A2ADE804A00024B80 /* ProfileView.swift */,
				3C8B46982ADE803C00024B80 /* NotificationsView.swift */,
				3C8B46942ADE801900024B80 /* HomeView.swift */,
			);
			path = View;
			sourceTree = "<group>";
		};
/* End PBXGroup section */

/* Begin PBXNativeTarget section */
		3C8B46632ADE7F1700024B80 /* CustomTabBar */ = {
			isa = PBXNativeTarget;
			buildConfigurationList = 3C8B46882ADE7F1D00024B80 /* Build configuration list for PBXNativeTarget "CustomTabBar" */;
			buildPhases = (
				3C8B46602ADE7F1700024B80 /* Sources */,
				3C8B46612ADE7F1700024B80 /* Frameworks */,
				3C8B46622ADE7F1700024B80 /* Resources */,
			);
			buildRules = (
			);
			dependencies = (
			);
			name = CustomTabBar;
			productName = CustomTabBar;
			productReference = 3C8B46642ADE7F1700024B80 /* CustomTabBar.app */;
			productType = "com.apple.product-type.application";
		};
		3C8B46732ADE7F1D00024B80 /* CustomTabBarTests */ = {
			isa = PBXNativeTarget;
			buildConfigurationList = 3C8B468B2ADE7F1D00024B80 /* Build configuration list for PBXNativeTarget "CustomTabBarTests" */;
			buildPhases = (
				3C8B46702ADE7F1D00024B80 /* Sources */,
				3C8B46712ADE7F1D00024B80 /* Frameworks */,
				3C8B46722ADE7F1D00024B80 /* Resources */,
			);
			buildRules = (
			);
			dependencies = (
				3C8B46762ADE7F1D00024B80 /* PBXTargetDependency */,
			);
			name = CustomTabBarTests;
			productName = CustomTabBarTests;
			productReference = 3C8B46742ADE7F1D00024B80 /* CustomTabBarTests.xctest */;
			productType = "com.apple.product-type.bundle.unit-test";
		};
		3C8B467D2ADE7F1D00024B80 /* CustomTabBarUITests */ = {
			isa = PBXNativeTarget;
			buildConfigurationList = 3C8B468E2ADE7F1D00024B80 /* Build configuration list for PBXNativeTarget "CustomTabBarUITests" */;
			buildPhases = (
				3C8B467A2ADE7F1D00024B80 /* Sources */,
				3C8B467B2ADE7F1D00024B80 /* Frameworks */,
				3C8B467C2ADE7F1D00024B80 /* Resources */,
			);
			buildRules = (
			);
			dependencies = (
				3C8B46802ADE7F1D00024B80 /* PBXTargetDependency */,
			);
			name = CustomTabBarUITests;
			productName = CustomTabBarUITests;
			productReference = 3C8B467E2ADE7F1D00024B80 /* CustomTabBarUITests.xctest */;
			productType = "com.apple.product-type.bundle.ui-testing";
		};
/* End PBXNativeTarget section */

/* Begin PBXProject section */
		3C8B465C2ADE7F1700024B80 /* Project object */ = {
			isa = PBXProject;
			attributes = {
				BuildIndependentTargetsInParallel = 1;
				LastSwiftUpdateCheck = 1410;
				LastUpgradeCheck = 1410;
				TargetAttributes = {
					3C8B46632ADE7F1700024B80 = {
						CreatedOnToolsVersion = 14.1;
					};
					3C8B46732ADE7F1D00024B80 = {
						CreatedOnToolsVersion = 14.1;
						TestTargetID = 3C8B46632ADE7F1700024B80;
					};
					3C8B467D2ADE7F1D00024B80 = {
						CreatedOnToolsVersion = 14.1;
						TestTargetID = 3C8B46632ADE7F1700024B80;
					};
				};
			};
			buildConfigurationList = 3C8B465F2ADE7F1700024B80 /* Build configuration list for PBXProject "CustomTabBar" */;
			compatibilityVersion = "Xcode 14.0";
			developmentRegion = en;
			hasScannedForEncodings = 0;
			knownRegions = (
				en,
				Base,
			);
			mainGroup = 3C8B465B2ADE7F1700024B80;
			productRefGroup = 3C8B46652ADE7F1700024B80 /* Products */;
			projectDirPath = "";
			projectRoot = "";
			targets = (
				3C8B46632ADE7F1700024B80 /* CustomTabBar */,
				3C8B46732ADE7F1D00024B80 /* CustomTabBarTests */,
				3C8B467D2ADE7F1D00024B80 /* CustomTabBarUITests */,
			);
		};
/* End PBXProject section */

/* Begin PBXResourcesBuildPhase section */
		3C8B46622ADE7F1700024B80 /* Resources */ = {
			isa = PBXResourcesBuildPhase;
			buildActionMask = 2147483647;
			files = (
				3C8B466F2ADE7F1C00024B80 /* Preview Assets.xcassets in Resources */,
				3C8B466C2ADE7F1C00024B80 /* Assets.xcassets in Resources */,
			);
			runOnlyForDeploymentPostprocessing = 0;
		};
		3C8B46722ADE7F1D00024B80 /* Resources */ = {
			isa = PBXResourcesBuildPhase;
			buildActionMask = 2147483647;
			files = (
			);
			runOnlyForDeploymentPostprocessing = 0;
		};
		3C8B467C2ADE7F1D00024B80 /* Resources */ = {
			isa = PBXResourcesBuildPhase;
			buildActionMask = 2147483647;
			files = (
			);
			runOnlyForDeploymentPostprocessing = 0;
		};
/* End PBXResourcesBuildPhase section */

/* Begin PBXSourcesBuildPhase section */
		3C8B46602ADE7F1700024B80 /* Sources */ = {
			isa = PBXSourcesBuildPhase;
			buildActionMask = 2147483647;
			files = (
				3C8B466A2ADE7F1700024B80 /* ContentView.swift in Sources */,
				3C8B46952ADE801900024B80 /* HomeView.swift in Sources */,
				3C8B46932ADE7F5F00024B80 /* MainView.swift in Sources */,
				3C8B46682ADE7F1700024B80 /* CustomTabBarApp.swift in Sources */,
				3C8B46972ADE803100024B80 /* ExploreView.swift in Sources */,
				3C8B469B2ADE804A00024B80 /* ProfileView.swift in Sources */,
				3C8B46992ADE803C00024B80 /* NotificationsView.swift in Sources */,
			);
			runOnlyForDeploymentPostprocessing = 0;
		};
		3C8B46702ADE7F1D00024B80 /* Sources */ = {
			isa = PBXSourcesBuildPhase;
			buildActionMask = 2147483647;
			files = (
				3C8B46792ADE7F1D00024B80 /* CustomTabBarTests.swift in Sources */,
			);
			runOnlyForDeploymentPostprocessing = 0;
		};
		3C8B467A2ADE7F1D00024B80 /* Sources */ = {
			isa = PBXSourcesBuildPhase;
			buildActionMask = 2147483647;
			files = (
				3C8B46832ADE7F1D00024B80 /* CustomTabBarUITests.swift in Sources */,
				3C8B46852ADE7F1D00024B80 /* CustomTabBarUITestsLaunchTests.swift in Sources */,
			);
			runOnlyForDeploymentPostprocessing = 0;
		};
/* End PBXSourcesBuildPhase section */

/* Begin PBXTargetDependency section */
		3C8B46762ADE7F1D00024B80 /* PBXTargetDependency */ = {
			isa = PBXTargetDependency;
			target = 3C8B46632ADE7F1700024B80 /* CustomTabBar */;
			targetProxy = 3C8B46752ADE7F1D00024B80 /* PBXContainerItemProxy */;
		};
		3C8B46802ADE7F1D00024B80 /* PBXTargetDependency */ = {
			isa = PBXTargetDependency;
			target = 3C8B46632ADE7F1700024B80 /* CustomTabBar */;
			targetProxy = 3C8B467F2ADE7F1D00024B80 /* PBXContainerItemProxy */;
		};
/* End PBXTargetDependency section */

/* Begin XCBuildConfiguration section */
		3C8B46862ADE7F1D00024B80 /* Debug */ = {
			isa = XCBuildConfiguration;
			buildSettings = {
				ALWAYS_SEARCH_USER_PATHS = NO;
				CLANG_ANALYZER_NONNULL = YES;
				CLANG_ANALYZER_NUMBER_OBJECT_CONVERSION = YES_AGGRESSIVE;
				CLANG_CXX_LANGUAGE_STANDARD = "gnu++20";
				CLANG_ENABLE_MODULES = YES;
				CLANG_ENABLE_OBJC_ARC = YES;
				CLANG_ENABLE_OBJC_WEAK = YES;
				CLANG_WARN_BLOCK_CAPTURE_AUTORELEASING = YES;
				CLANG_WARN_BOOL_CONVERSION = YES;
				CLANG_WARN_COMMA = YES;
				CLANG_WARN_CONSTANT_CONVERSION = YES;
				CLANG_WARN_DEPRECATED_OBJC_IMPLEMENTATIONS = YES;
				CLANG_WARN_DIRECT_OBJC_ISA_USAGE = YES_ERROR;
				CLANG_WARN_DOCUMENTATION_COMMENTS = YES;
				CLANG_WARN_EMPTY_BODY = YES;
				CLANG_WARN_ENUM_CONVERSION = YES;
				CLANG_WARN_INFINITE_RECURSION = YES;
				CLANG_WARN_INT_CONVERSION = YES;
				CLANG_WARN_NON_LITERAL_NULL_CONVERSION = YES;
				CLANG_WARN_OBJC_IMPLICIT_RETAIN_SELF = YES;
				CLANG_WARN_OBJC_LITERAL_CONVERSION = YES;
				CLANG_WARN_OBJC_ROOT_CLASS = YES_ERROR;
				CLANG_WARN_QUOTED_INCLUDE_IN_FRAMEWORK_HEADER = YES;
				CLANG_WARN_RANGE_LOOP_ANALYSIS = YES;
				CLANG_WARN_STRICT_PROTOTYPES = YES;
				CLANG_WARN_SUSPICIOUS_MOVE = YES;
				CLANG_WARN_UNGUARDED_AVAILABILITY = YES_AGGRESSIVE;
				CLANG_WARN_UNREACHABLE_CODE = YES;
				CLANG_WARN__DUPLICATE_METHOD_MATCH = YES;
				COPY_PHASE_STRIP = NO;
				DEBUG_INFORMATION_FORMAT = dwarf;
				ENABLE_STRICT_OBJC_MSGSEND = YES;
				ENABLE_TESTABILITY = YES;
				GCC_C_LANGUAGE_STANDARD = gnu11;
				GCC_DYNAMIC_NO_PIC = NO;
				GCC_NO_COMMON_BLOCKS = YES;
				GCC_OPTIMIZATION_LEVEL = 0;
				GCC_PREPROCESSOR_DEFINITIONS = (
					"DEBUG=1",
					"$(inherited)",
				);
				GCC_WARN_64_TO_32_BIT_CONVERSION = YES;
				GCC_WARN_ABOUT_RETURN_TYPE = YES_ERROR;
				GCC_WARN_UNDECLARED_SELECTOR = YES;
				GCC_WARN_UNINITIALIZED_AUTOS = YES_AGGRESSIVE;
				GCC_WARN_UNUSED_FUNCTION = YES;
				GCC_WARN_UNUSED_VARIABLE = YES;
				IPHONEOS_DEPLOYMENT_TARGET = 16.1;
				MTL_ENABLE_DEBUG_INFO = INCLUDE_SOURCE;
				MTL_FAST_MATH = YES;
				ONLY_ACTIVE_ARCH = YES;
				SDKROOT = iphoneos;
				SWIFT_ACTIVE_COMPILATION_CONDITIONS = DEBUG;
				SWIFT_OPTIMIZATION_LEVEL = "-Onone";
			};
			name = Debug;
		};
		3C8B46872ADE7F1D00024B80 /* Release */ = {
			isa = XCBuildConfiguration;
			buildSettings = {
				ALWAYS_SEARCH_USER_PATHS = NO;
				CLANG_ANALYZER_NONNULL = YES;
				CLANG_ANALYZER_NUMBER_OBJECT_CONVERSION = YES_AGGRESSIVE;
				CLANG_CXX_LANGUAGE_STANDARD = "gnu++20";
				CLANG_ENABLE_MODULES = YES;
				CLANG_ENABLE_OBJC_ARC = YES;
				CLANG_ENABLE_OBJC_WEAK = YES;
				CLANG_WARN_BLOCK_CAPTURE_AUTORELEASING = YES;
				CLANG_WARN_BOOL_CONVERSION = YES;
				CLANG_WARN_COMMA = YES;
				CLANG_WARN_CONSTANT_CONVERSION = YES;
				CLANG_WARN_DEPRECATED_OBJC_IMPLEMENTATIONS = YES;
				CLANG_WARN_DIRECT_OBJC_ISA_USAGE = YES_ERROR;
				CLANG_WARN_DOCUMENTATION_COMMENTS = YES;
				CLANG_WARN_EMPTY_BODY = YES;
				CLANG_WARN_ENUM_CONVERSION = YES;
				CLANG_WARN_INFINITE_RECURSION = YES;
				CLANG_WARN_INT_CONVERSION = YES;
				CLANG_WARN_NON_LITERAL_NULL_CONVERSION = YES;
				CLANG_WARN_OBJC_IMPLICIT_RETAIN_SELF = YES;
				CLANG_WARN_OBJC_LITERAL_CONVERSION = YES;
				CLANG_WARN_OBJC_ROOT_CLASS = YES_ERROR;
				CLANG_WARN_QUOTED_INCLUDE_IN_FRAMEWORK_HEADER = YES;
				CLANG_WARN_RANGE_LOOP_ANALYSIS = YES;
				CLANG_WARN_STRICT_PROTOTYPES = YES;
				CLANG_WARN_SUSPICIOUS_MOVE = YES;
				CLANG_WARN_UNGUARDED_AVAILABILITY = YES_AGGRESSIVE;
				CLANG_WARN_UNREACHABLE_CODE = YES;
				CLANG_WARN__DUPLICATE_METHOD_MATCH = YES;
				COPY_PHASE_STRIP = NO;
				DEBUG_INFORMATION_FORMAT = "dwarf-with-dsym";
				ENABLE_NS_ASSERTIONS = NO;
				ENABLE_STRICT_OBJC_MSGSEND = YES;
				GCC_C_LANGUAGE_STANDARD = gnu11;
				GCC_NO_COMMON_BLOCKS = YES;
				GCC_WARN_64_TO_32_BIT_CONVERSION = YES;
				GCC_WARN_ABOUT_RETURN_TYPE = YES_ERROR;
				GCC_WARN_UNDECLARED_SELECTOR = YES;
				GCC_WARN_UNINITIALIZED_AUTOS = YES_AGGRESSIVE;
				GCC_WARN_UNUSED_FUNCTION = YES;
				GCC_WARN_UNUSED_VARIABLE = YES;
				IPHONEOS_DEPLOYMENT_TARGET = 16.1;
				MTL_ENABLE_DEBUG_INFO = NO;
				MTL_FAST_MATH = YES;
				SDKROOT = iphoneos;
				SWIFT_COMPILATION_MODE = wholemodule;
				SWIFT_OPTIMIZATION_LEVEL = "-O";
				VALIDATE_PRODUCT = YES;
			};
			name = Release;
		};
		3C8B46892ADE7F1D00024B80 /* Debug */ = {
			isa = XCBuildConfiguration;
			buildSettings = {
				ASSETCATALOG_COMPILER_APPICON_NAME = AppIcon;
				ASSETCATALOG_COMPILER_GLOBAL_ACCENT_COLOR_NAME = AccentColor;
				CODE_SIGN_STYLE = Automatic;
				CURRENT_PROJECT_VERSION = 1;
				DEVELOPMENT_ASSET_PATHS = "\"CustomTabBar/Preview Content\"";
				DEVELOPMENT_TEAM = B8677HC9HV;
				ENABLE_PREVIEWS = YES;
				GENERATE_INFOPLIST_FILE = YES;
				INFOPLIST_KEY_UIApplicationSceneManifest_Generation = YES;
				INFOPLIST_KEY_UIApplicationSupportsIndirectInputEvents = YES;
				INFOPLIST_KEY_UILaunchScreen_Generation = YES;
				INFOPLIST_KEY_UISupportedInterfaceOrientations_iPad = "UIInterfaceOrientationPortrait UIInterfaceOrientationPortraitUpsideDown UIInterfaceOrientationLandscapeLeft UIInterfaceOrientationLandscapeRight";
				INFOPLIST_KEY_UISupportedInterfaceOrientations_iPhone = "UIInterfaceOrientationPortrait UIInterfaceOrientationLandscapeLeft UIInterfaceOrientationLandscapeRight";
				LD_RUNPATH_SEARCH_PATHS = (
					"$(inherited)",
					"@executable_path/Frameworks",
				);
				MARKETING_VERSION = 1.0;
				PRODUCT_BUNDLE_IDENTIFIER = com.cubix.CustomTabBar;
				PRODUCT_NAME = "$(TARGET_NAME)";
				SWIFT_EMIT_LOC_STRINGS = YES;
				SWIFT_VERSION = 5.0;
				TARGETED_DEVICE_FAMILY = "1,2";
			};
			name = Debug;
		};
		3C8B468A2ADE7F1D00024B80 /* Release */ = {
			isa = XCBuildConfiguration;
			buildSettings = {
				ASSETCATALOG_COMPILER_APPICON_NAME = AppIcon;
				ASSETCATALOG_COMPILER_GLOBAL_ACCENT_COLOR_NAME = AccentColor;
				CODE_SIGN_STYLE = Automatic;
				CURRENT_PROJECT_VERSION = 1;
				DEVELOPMENT_ASSET_PATHS = "\"CustomTabBar/Preview Content\"";
				DEVELOPMENT_TEAM = B8677HC9HV;
				ENABLE_PREVIEWS = YES;
				GENERATE_INFOPLIST_FILE = YES;
				INFOPLIST_KEY_UIApplicationSceneManifest_Generation = YES;
				INFOPLIST_KEY_UIApplicationSupportsIndirectInputEvents = YES;
				INFOPLIST_KEY_UILaunchScreen_Generation = YES;
				INFOPLIST_KEY_UISupportedInterfaceOrientations_iPad = "UIInterfaceOrientationPortrait UIInterfaceOrientationPortraitUpsideDown UIInterfaceOrientationLandscapeLeft UIInterfaceOrientationLandscapeRight";
				INFOPLIST_KEY_UISupportedInterfaceOrientations_iPhone = "UIInterfaceOrientationPortrait UIInterfaceOrientationLandscapeLeft UIInterfaceOrientationLandscapeRight";
				LD_RUNPATH_SEARCH_PATHS = (
					"$(inherited)",
					"@executable_path/Frameworks",
				);
				MARKETING_VERSION = 1.0;
				PRODUCT_BUNDLE_IDENTIFIER = com.cubix.CustomTabBar;
				PRODUCT_NAME = "$(TARGET_NAME)";
				SWIFT_EMIT_LOC_STRINGS = YES;
				SWIFT_VERSION = 5.0;
				TARGETED_DEVICE_FAMILY = "1,2";
			};
			name = Release;
		};
		3C8B468C2ADE7F1D00024B80 /* Debug */ = {
			isa = XCBuildConfiguration;
			buildSettings = {
				ALWAYS_EMBED_SWIFT_STANDARD_LIBRARIES = YES;
				BUNDLE_LOADER = "$(TEST_HOST)";
				CODE_SIGN_STYLE = Automatic;
				CURRENT_PROJECT_VERSION = 1;
				DEVELOPMENT_TEAM = B8677HC9HV;
				GENERATE_INFOPLIST_FILE = YES;
				IPHONEOS_DEPLOYMENT_TARGET = 16.1;
				MARKETING_VERSION = 1.0;
				PRODUCT_BUNDLE_IDENTIFIER = com.cubix.CustomTabBarTests;
				PRODUCT_NAME = "$(TARGET_NAME)";
				SWIFT_EMIT_LOC_STRINGS = NO;
				SWIFT_VERSION = 5.0;
				TARGETED_DEVICE_FAMILY = "1,2";
				TEST_HOST = "$(BUILT_PRODUCTS_DIR)/CustomTabBar.app/$(BUNDLE_EXECUTABLE_FOLDER_PATH)/CustomTabBar";
			};
			name = Debug;
		};
		3C8B468D2ADE7F1D00024B80 /* Release */ = {
			isa = XCBuildConfiguration;
			buildSettings = {
				ALWAYS_EMBED_SWIFT_STANDARD_LIBRARIES = YES;
				BUNDLE_LOADER = "$(TEST_HOST)";
				CODE_SIGN_STYLE = Automatic;
				CURRENT_PROJECT_VERSION = 1;
				DEVELOPMENT_TEAM = B8677HC9HV;
				GENERATE_INFOPLIST_FILE = YES;
				IPHONEOS_DEPLOYMENT_TARGET = 16.1;
				MARKETING_VERSION = 1.0;
				PRODUCT_BUNDLE_IDENTIFIER = com.cubix.CustomTabBarTests;
				PRODUCT_NAME = "$(TARGET_NAME)";
				SWIFT_EMIT_LOC_STRINGS = NO;
				SWIFT_VERSION = 5.0;
				TARGETED_DEVICE_FAMILY = "1,2";
				TEST_HOST = "$(BUILT_PRODUCTS_DIR)/CustomTabBar.app/$(BUNDLE_EXECUTABLE_FOLDER_PATH)/CustomTabBar";
			};
			name = Release;
		};
		3C8B468F2ADE7F1D00024B80 /* Debug */ = {
			isa = XCBuildConfiguration;
			buildSettings = {
				ALWAYS_EMBED_SWIFT_STANDARD_LIBRARIES = YES;
				CODE_SIGN_STYLE = Automatic;
				CURRENT_PROJECT_VERSION = 1;
				DEVELOPMENT_TEAM = B8677HC9HV;
				GENERATE_INFOPLIST_FILE = YES;
				MARKETING_VERSION = 1.0;
				PRODUCT_BUNDLE_IDENTIFIER = com.cubix.CustomTabBarUITests;
				PRODUCT_NAME = "$(TARGET_NAME)";
				SWIFT_EMIT_LOC_STRINGS = NO;
				SWIFT_VERSION = 5.0;
				TARGETED_DEVICE_FAMILY = "1,2";
				TEST_TARGET_NAME = CustomTabBar;
			};
			name = Debug;
		};
		3C8B46902ADE7F1D00024B80 /* Release */ = {
			isa = XCBuildConfiguration;
			buildSettings = {
				ALWAYS_EMBED_SWIFT_STANDARD_LIBRARIES = YES;
				CODE_SIGN_STYLE = Automatic;
				CURRENT_PROJECT_VERSION = 1;
				DEVELOPMENT_TEAM = B8677HC9HV;
				GENERATE_INFOPLIST_FILE = YES;
				MARKETING_VERSION = 1.0;
				PRODUCT_BUNDLE_IDENTIFIER = com.cubix.CustomTabBarUITests;
				PRODUCT_NAME = "$(TARGET_NAME)";
				SWIFT_EMIT_LOC_STRINGS = NO;
				SWIFT_VERSION = 5.0;
				TARGETED_DEVICE_FAMILY = "1,2";
				TEST_TARGET_NAME = CustomTabBar;
			};
			name = Release;
		};
/* End XCBuildConfiguration section */

/* Begin XCConfigurationList section */
		3C8B465F2ADE7F1700024B80 /* Build configuration list for PBXProject "CustomTabBar" */ = {
			isa = XCConfigurationList;
			buildConfigurations = (
				3C8B46862ADE7F1D00024B80 /* Debug */,
				3C8B46872ADE7F1D00024B80 /* Release */,
			);
			defaultConfigurationIsVisible = 0;
			defaultConfigurationName = Release;
		};
		3C8B46882ADE7F1D00024B80 /* Build configuration list for PBXNativeTarget "CustomTabBar" */ = {
			isa = XCConfigurationList;
			buildConfigurations = (
				3C8B46892ADE7F1D00024B80 /* Debug */,
				3C8B468A2ADE7F1D00024B80 /* Release */,
			);
			defaultConfigurationIsVisible = 0;
			defaultConfigurationName = Release;
		};
		3C8B468B2ADE7F1D00024B80 /* Build configuration list for PBXNativeTarget "CustomTabBarTests" */ = {
			isa = XCConfigurationList;
			buildConfigurations = (
				3C8B468C2ADE7F1D00024B80 /* Debug */,
				3C8B468D2ADE7F1D00024B80 /* Release */,
			);
			defaultConfigurationIsVisible = 0;
			defaultConfigurationName = Release;
		};
		3C8B468E2ADE7F1D00024B80 /* Build configuration list for PBXNativeTarget "CustomTabBarUITests" */ = {
			isa = XCConfigurationList;
			buildConfigurations = (
				3C8B468F2ADE7F1D00024B80 /* Debug */,
				3C8B46902ADE7F1D00024B80 /* Release */,
			);
			defaultConfigurationIsVisible = 0;
			defaultConfigurationName = Release;
		};
/* End XCConfigurationList section */
	};
	rootObject = 3C8B465C2ADE7F1700024B80 /* Project object */;
}
